
Microsoft Visual Studio Solution File, Format Version 12.00
# Visual Studio Version 16
VisualStudioVersion = 16.0.29418.71
MinimumVisualStudioVersion = 10.0.40219.1
Project("{9A19103F-16F7-4668-BE54-9A1E7A4F7556}") = "WebApiCurrencyBank", "WebApiCurrencyBank\WebApiCurrencyBank.csproj", "{9EA3FF2A-A34E-4561-A8BE-5BBBE2EA41FC}"
EndProject
Project("{9A19103F-16F7-4668-BE54-9A1E7A4F7556}") = "Database", "..\Database\Database.csproj", "{5DDD6AC2-1FCB-4F12-8461-4D081A1A36B5}"
EndProject
Global
	GlobalSection(SolutionConfigurationPlatforms) = preSolution
		Debug|Any CPU = Debug|Any CPU
		Release|Any CPU = Release|Any CPU
	EndGlobalSection
	GlobalSection(ProjectConfigurationPlatforms) = postSolution
		{9EA3FF2A-A34E-4561-A8BE-5BBBE2EA41FC}.Debug|Any CPU.ActiveCfg = Debug|Any CPU
		{9EA3FF2A-A34E-4561-A8BE-5BBBE2EA41FC}.Debug|Any CPU.Build.0 = Debug|Any CPU
		{9EA3FF2A-A34E-4561-A8BE-5BBBE2EA41FC}.Release|Any CPU.ActiveCfg = Release|Any CPU
		{9EA3FF2A-A34E-4561-A8BE-5BBBE2EA41FC}.Release|Any CPU.Build.0 = Release|Any CPU
		{5DDD6AC2-1FCB-4F12-8461-4D081A1A36B5}.Debug|Any CPU.ActiveCfg = Debug|Any CPU
		{5DDD6AC2-1FCB-4F12-8461-4D081A1A36B5}.Debug|Any CPU.Build.0 = Debug|Any CPU
		{5DDD6AC2-1FCB-4F12-8461-4D081A1A36B5}.Release|Any CPU.ActiveCfg = Release|Any CPU
		{5DDD6AC2-1FCB-4F12-8461-4D081A1A36B5}.Release|Any CPU.Build.0 = Release|Any CPU
	EndGlobalSection
	GlobalSection(SolutionProperties) = preSolution
		HideSolutionNode = FALSE
	EndGlobalSection
	GlobalSection(ExtensibilityGlobals) = postSolution
		SolutionGuid = {3B901914-9975-4BB8-B3B8-45F100DD131B}
	EndGlobalSection
EndGlobal
